
Microsoft Visual Studio Solution File, Format Version 12.00
# Visual Studio Version 16
VisualStudioVersion = 16.0.30611.23
MinimumVisualStudioVersion = 10.0.40219.1
Project("{FAE04EC0-301F-11D3-BF4B-00C04F79EFBC}") = "WebApplication11", "WebApplication11\WebApplication11.csproj", "{4E4E2896-D267-4353-980E-264DA43466B8}"
EndProject
Global
	GlobalSection(SolutionConfigurationPlatforms) = preSolution
		Debug|Any CPU = Debug|Any CPU
		Release|Any CPU = Release|Any CPU
	EndGlobalSection
	GlobalSection(ProjectConfigurationPlatforms) = postSolution
		{4E4E2896-D267-4353-980E-264DA43466B8}.Debug|Any CPU.ActiveCfg = Debug|Any CPU
		{4E4E2896-D267-4353-980E-264DA43466B8}.Debug|Any CPU.Build.0 = Debug|Any CPU
		{4E4E2896-D267-4353-980E-264DA43466B8}.Release|Any CPU.ActiveCfg = Release|Any CPU
		{4E4E2896-D267-4353-980E-264DA43466B8}.Release|Any CPU.Build.0 = Release|Any CPU
	EndGlobalSection
	GlobalSection(SolutionProperties) = preSolution
		HideSolutionNode = FALSE
	EndGlobalSection
	GlobalSection(ExtensibilityGlobals) = postSolution
		SolutionGuid = {3307B46D-69A3-4B40-A82D-C37724532051}
	EndGlobalSection
EndGlobal
